// !$*UTF8*$!
{
	archiveVersion = 1;
	classes = {
	};
	objectVersion = 48;
	objects = {

/* Begin PBXBuildFile section */
		25F72B44F16A5325EE585D66 /* Pods_SmackApp.framework in Frameworks */ = {isa = PBXBuildFile; fileRef = 711DE1546AB748CD5AD14F0F /* Pods_SmackApp.framework */; };
		5CC48FB61F8662DB0086D70E /* AppDelegate.swift in Sources */ = {isa = PBXBuildFile; fileRef = 5CC48FB51F8662DB0086D70E /* AppDelegate.swift */; };
		5CC48FBB1F8662DB0086D70E /* Main.storyboard in Resources */ = {isa = PBXBuildFile; fileRef = 5CC48FB91F8662DB0086D70E /* Main.storyboard */; };
		5CC48FBE1F8662DB0086D70E /* SmackApp.xcdatamodeld in Sources */ = {isa = PBXBuildFile; fileRef = 5CC48FBC1F8662DB0086D70E /* SmackApp.xcdatamodeld */; };
		5CC48FC01F8662DB0086D70E /* Assets.xcassets in Resources */ = {isa = PBXBuildFile; fileRef = 5CC48FBF1F8662DB0086D70E /* Assets.xcassets */; };
		5CC48FC31F8662DB0086D70E /* LaunchScreen.storyboard in Resources */ = {isa = PBXBuildFile; fileRef = 5CC48FC11F8662DB0086D70E /* LaunchScreen.storyboard */; };
		5CE9C92B1F87BA57005ACE1E /* ChatVC.swift in Sources */ = {isa = PBXBuildFile; fileRef = 5CE9C92A1F87BA57005ACE1E /* ChatVC.swift */; };
		5CE9C92D1F87BA6C005ACE1E /* ChannelVC.swift in Sources */ = {isa = PBXBuildFile; fileRef = 5CE9C92C1F87BA6C005ACE1E /* ChannelVC.swift */; };
		5CE9C92F1F87C16D005ACE1E /* SWRevealViewController.m in Sources */ = {isa = PBXBuildFile; fileRef = 5CC48FCD1F866A700086D70E /* SWRevealViewController.m */; };
/* End PBXBuildFile section */

/* Begin PBXFileReference section */
		0C786AA22E62192AFCAF6F35 /* Pods-SmackApp.release.xcconfig */ = {isa = PBXFileReference; includeInIndex = 1; lastKnownFileType = text.xcconfig; name = "Pods-SmackApp.release.xcconfig"; path = "Pods/Target Support Files/Pods-SmackApp/Pods-SmackApp.release.xcconfig"; sourceTree = "<group>"; };
		5CC48FB21F8662DB0086D70E /* SmackApp.app */ = {isa = PBXFileReference; explicitFileType = wrapper.application; includeInIndex = 0; path = SmackApp.app; sourceTree = BUILT_PRODUCTS_DIR; };
		5CC48FB51F8662DB0086D70E /* AppDelegate.swift */ = {isa = PBXFileReference; lastKnownFileType = sourcecode.swift; path = AppDelegate.swift; sourceTree = "<group>"; };
		5CC48FBA1F8662DB0086D70E /* Base */ = {isa = PBXFileReference; lastKnownFileType = file.storyboard; name = Base; path = Base.lproj/Main.storyboard; sourceTree = "<group>"; };
		5CC48FBD1F8662DB0086D70E /* SmackApp.xcdatamodel */ = {isa = PBXFileReference; lastKnownFileType = wrapper.xcdatamodel; path = SmackApp.xcdatamodel; sourceTree = "<group>"; };
		5CC48FBF1F8662DB0086D70E /* Assets.xcassets */ = {isa = PBXFileReference; lastKnownFileType = folder.assetcatalog; path = Assets.xcassets; sourceTree = "<group>"; };
		5CC48FC21F8662DB0086D70E /* Base */ = {isa = PBXFileReference; lastKnownFileType = file.storyboard; name = Base; path = Base.lproj/LaunchScreen.storyboard; sourceTree = "<group>"; };
		5CC48FC41F8662DB0086D70E /* Info.plist */ = {isa = PBXFileReference; lastKnownFileType = text.plist.xml; path = Info.plist; sourceTree = "<group>"; };
		5CC48FCB1F866A6F0086D70E /* SmackApp-Bridging-Header.h */ = {isa = PBXFileReference; lastKnownFileType = sourcecode.c.h; path = "SmackApp-Bridging-Header.h"; sourceTree = "<group>"; };
		5CC48FCC1F866A700086D70E /* SWRevealViewController.h */ = {isa = PBXFileReference; lastKnownFileType = sourcecode.c.h; path = SWRevealViewController.h; sourceTree = "<group>"; };
		5CC48FCD1F866A700086D70E /* SWRevealViewController.m */ = {isa = PBXFileReference; lastKnownFileType = sourcecode.c.objc; path = SWRevealViewController.m; sourceTree = "<group>"; };
		5CE9C92A1F87BA57005ACE1E /* ChatVC.swift */ = {isa = PBXFileReference; lastKnownFileType = sourcecode.swift; path = ChatVC.swift; sourceTree = "<group>"; };
		5CE9C92C1F87BA6C005ACE1E /* ChannelVC.swift */ = {isa = PBXFileReference; lastKnownFileType = sourcecode.swift; path = ChannelVC.swift; sourceTree = "<group>"; };
		711DE1546AB748CD5AD14F0F /* Pods_SmackApp.framework */ = {isa = PBXFileReference; explicitFileType = wrapper.framework; includeInIndex = 0; path = Pods_SmackApp.framework; sourceTree = BUILT_PRODUCTS_DIR; };
		D8EA723CB36FC7CB67675347 /* Pods-SmackApp.debug.xcconfig */ = {isa = PBXFileReference; includeInIndex = 1; lastKnownFileType = text.xcconfig; name = "Pods-SmackApp.debug.xcconfig"; path = "Pods/Target Support Files/Pods-SmackApp/Pods-SmackApp.debug.xcconfig"; sourceTree = "<group>"; };
/* End PBXFileReference section */

/* Begin PBXFrameworksBuildPhase section */
		5CC48FAF1F8662DA0086D70E /* Frameworks */ = {
			isa = PBXFrameworksBuildPhase;
			buildActionMask = 2147483647;
			files = (
				25F72B44F16A5325EE585D66 /* Pods_SmackApp.framework in Frameworks */,
			);
			runOnlyForDeploymentPostprocessing = 0;
		};
/* End PBXFrameworksBuildPhase section */

/* Begin PBXGroup section */
		43249294D5C22C5C55D448AA /* Pods */ = {
			isa = PBXGroup;
			children = (
				D8EA723CB36FC7CB67675347 /* Pods-SmackApp.debug.xcconfig */,
				0C786AA22E62192AFCAF6F35 /* Pods-SmackApp.release.xcconfig */,
			);
			name = Pods;
			sourceTree = "<group>";
		};
		5CC48FA91F8662DA0086D70E = {
			isa = PBXGroup;
			children = (
				5CC48FCA1F866A4A0086D70E /* Supporting Files */,
				5CC48FB41F8662DB0086D70E /* SmackApp */,
				5CC48FB31F8662DB0086D70E /* Products */,
				43249294D5C22C5C55D448AA /* Pods */,
				CF1914A2CE14640F572F5A3C /* Frameworks */,
			);
			sourceTree = "<group>";
		};
		5CC48FB31F8662DB0086D70E /* Products */ = {
			isa = PBXGroup;
			children = (
				5CC48FB21F8662DB0086D70E /* SmackApp.app */,
			);
			name = Products;
			sourceTree = "<group>";
		};
		5CC48FB41F8662DB0086D70E /* SmackApp */ = {
			isa = PBXGroup;
			children = (
				5CE9C9291F87B9E0005ACE1E /* View */,
				5CE9C9281F87B9DB005ACE1E /* Model */,
				5CE9C9271F87B9D4005ACE1E /* Controller */,
				5CC48FB51F8662DB0086D70E /* AppDelegate.swift */,
				5CC48FB91F8662DB0086D70E /* Main.storyboard */,
				5CC48FBF1F8662DB0086D70E /* Assets.xcassets */,
				5CC48FC11F8662DB0086D70E /* LaunchScreen.storyboard */,
				5CC48FC41F8662DB0086D70E /* Info.plist */,
				5CC48FBC1F8662DB0086D70E /* SmackApp.xcdatamodeld */,
			);
			path = SmackApp;
			sourceTree = "<group>";
		};
		5CC48FCA1F866A4A0086D70E /* Supporting Files */ = {
			isa = PBXGroup;
			children = (
				5CC48FCC1F866A700086D70E /* SWRevealViewController.h */,
				5CC48FCD1F866A700086D70E /* SWRevealViewController.m */,
				5CC48FCB1F866A6F0086D70E /* SmackApp-Bridging-Header.h */,
			);
			path = "Supporting Files";
			sourceTree = "<group>";
		};
		5CE9C9271F87B9D4005ACE1E /* Controller */ = {
			isa = PBXGroup;
			children = (
				5CE9C92A1F87BA57005ACE1E /* ChatVC.swift */,
				5CE9C92C1F87BA6C005ACE1E /* ChannelVC.swift */,
			);
			path = Controller;
			sourceTree = "<group>";
		};
		5CE9C9281F87B9DB005ACE1E /* Model */ = {
			isa = PBXGroup;
			children = (
			);
			path = Model;
			sourceTree = "<group>";
		};
		5CE9C9291F87B9E0005ACE1E /* View */ = {
			isa = PBXGroup;
			children = (
			);
			path = View;
			sourceTree = "<group>";
		};
		CF1914A2CE14640F572F5A3C /* Frameworks */ = {
			isa = PBXGroup;
			children = (
				711DE1546AB748CD5AD14F0F /* Pods_SmackApp.framework */,
			);
			name = Frameworks;
			sourceTree = "<group>";
		};
/* End PBXGroup section */

/* Begin PBXNativeTarget section */
		5CC48FB11F8662DA0086D70E /* SmackApp */ = {
			isa = PBXNativeTarget;
			buildConfigurationList = 5CC48FC71F8662DB0086D70E /* Build configuration list for PBXNativeTarget "SmackApp" */;
			buildPhases = (
				92D85E0F1BBC659F4AD9185A /* [CP] Check Pods Manifest.lock */,
				5CC48FAE1F8662DA0086D70E /* Sources */,
				5CC48FAF1F8662DA0086D70E /* Frameworks */,
				5CC48FB01F8662DA0086D70E /* Resources */,
				DA9430042FB07FFF779BF044 /* [CP] Embed Pods Frameworks */,
				9C79436736B0706510AB7C3D /* [CP] Copy Pods Resources */,
			);
			buildRules = (
			);
			dependencies = (
			);
			name = SmackApp;
			productName = SmackApp;
			productReference = 5CC48FB21F8662DB0086D70E /* SmackApp.app */;
			productType = "com.apple.product-type.application";
		};
/* End PBXNativeTarget section */

/* Begin PBXProject section */
		5CC48FAA1F8662DA0086D70E /* Project object */ = {
			isa = PBXProject;
			attributes = {
				LastSwiftUpdateCheck = 0900;
				LastUpgradeCheck = 0900;
				ORGANIZATIONNAME = "Boiko Artem";
				TargetAttributes = {
					5CC48FB11F8662DA0086D70E = {
						CreatedOnToolsVersion = 9.0;
						LastSwiftMigration = 0900;
						ProvisioningStyle = Automatic;
					};
				};
			};
			buildConfigurationList = 5CC48FAD1F8662DA0086D70E /* Build configuration list for PBXProject "SmackApp" */;
			compatibilityVersion = "Xcode 8.0";
			developmentRegion = en;
			hasScannedForEncodings = 0;
			knownRegions = (
				en,
				Base,
			);
			mainGroup = 5CC48FA91F8662DA0086D70E;
			productRefGroup = 5CC48FB31F8662DB0086D70E /* Products */;
			projectDirPath = "";
			projectRoot = "";
			targets = (
				5CC48FB11F8662DA0086D70E /* SmackApp */,
			);
		};
/* End PBXProject section */

/* Begin PBXResourcesBuildPhase section */
		5CC48FB01F8662DA0086D70E /* Resources */ = {
			isa = PBXResourcesBuildPhase;
			buildActionMask = 2147483647;
			files = (
				5CC48FC31F8662DB0086D70E /* LaunchScreen.storyboard in Resources */,
				5CC48FC01F8662DB0086D70E /* Assets.xcassets in Resources */,
				5CC48FBB1F8662DB0086D70E /* Main.storyboard in Resources */,
			);
			runOnlyForDeploymentPostprocessing = 0;
		};
/* End PBXResourcesBuildPhase section */

/* Begin PBXShellScriptBuildPhase section */
		92D85E0F1BBC659F4AD9185A /* [CP] Check Pods Manifest.lock */ = {
			isa = PBXShellScriptBuildPhase;
			buildActionMask = 2147483647;
			files = (
			);
			inputPaths = (
			);
			name = "[CP] Check Pods Manifest.lock";
			outputPaths = (
			);
			runOnlyForDeploymentPostprocessing = 0;
			shellPath = /bin/sh;
			shellScript = "diff \"${PODS_ROOT}/../Podfile.lock\" \"${PODS_ROOT}/Manifest.lock\" > /dev/null\nif [ $? != 0 ] ; then\n    # print error to STDERR\n    echo \"error: The sandbox is not in sync with the Podfile.lock. Run 'pod install' or update your CocoaPods installation.\" >&2\n    exit 1\nfi\n";
			showEnvVarsInLog = 0;
		};
		9C79436736B0706510AB7C3D /* [CP] Copy Pods Resources */ = {
			isa = PBXShellScriptBuildPhase;
			buildActionMask = 2147483647;
			files = (
			);
			inputPaths = (
			);
			name = "[CP] Copy Pods Resources";
			outputPaths = (
			);
			runOnlyForDeploymentPostprocessing = 0;
			shellPath = /bin/sh;
			shellScript = "\"${SRCROOT}/Pods/Target Support Files/Pods-SmackApp/Pods-SmackApp-resources.sh\"\n";
			showEnvVarsInLog = 0;
		};
		DA9430042FB07FFF779BF044 /* [CP] Embed Pods Frameworks */ = {
			isa = PBXShellScriptBuildPhase;
			buildActionMask = 2147483647;
			files = (
			);
			inputPaths = (
			);
			name = "[CP] Embed Pods Frameworks";
			outputPaths = (
			);
			runOnlyForDeploymentPostprocessing = 0;
			shellPath = /bin/sh;
			shellScript = "\"${SRCROOT}/Pods/Target Support Files/Pods-SmackApp/Pods-SmackApp-frameworks.sh\"\n";
			showEnvVarsInLog = 0;
		};
/* End PBXShellScriptBuildPhase section */

/* Begin PBXSourcesBuildPhase section */
		5CC48FAE1F8662DA0086D70E /* Sources */ = {
			isa = PBXSourcesBuildPhase;
			buildActionMask = 2147483647;
			files = (
				5CE9C92F1F87C16D005ACE1E /* SWRevealViewController.m in Sources */,
				5CE9C92D1F87BA6C005ACE1E /* ChannelVC.swift in Sources */,
				5CE9C92B1F87BA57005ACE1E /* ChatVC.swift in Sources */,
				5CC48FBE1F8662DB0086D70E /* SmackApp.xcdatamodeld in Sources */,
				5CC48FB61F8662DB0086D70E /* AppDelegate.swift in Sources */,
			);
			runOnlyForDeploymentPostprocessing = 0;
		};
/* End PBXSourcesBuildPhase section */

/* Begin PBXVariantGroup section */
		5CC48FB91F8662DB0086D70E /* Main.storyboard */ = {
			isa = PBXVariantGroup;
			children = (
				5CC48FBA1F8662DB0086D70E /* Base */,
			);
			name = Main.storyboard;
			sourceTree = "<group>";
		};
		5CC48FC11F8662DB0086D70E /* LaunchScreen.storyboard */ = {
			isa = PBXVariantGroup;
			children = (
				5CC48FC21F8662DB0086D70E /* Base */,
			);
			name = LaunchScreen.storyboard;
			sourceTree = "<group>";
		};
/* End PBXVariantGroup section */

/* Begin XCBuildConfiguration section */
		5CC48FC51F8662DB0086D70E /* Debug */ = {
			isa = XCBuildConfiguration;
			buildSettings = {
				ALWAYS_SEARCH_USER_PATHS = NO;
				CLANG_ANALYZER_NONNULL = YES;
				CLANG_ANALYZER_NUMBER_OBJECT_CONVERSION = YES_AGGRESSIVE;
				CLANG_CXX_LANGUAGE_STANDARD = "gnu++14";
				CLANG_CXX_LIBRARY = "libc++";
				CLANG_ENABLE_MODULES = YES;
				CLANG_ENABLE_OBJC_ARC = YES;
				CLANG_WARN_BLOCK_CAPTURE_AUTORELEASING = YES;
				CLANG_WARN_BOOL_CONVERSION = YES;
				CLANG_WARN_COMMA = YES;
				CLANG_WARN_CONSTANT_CONVERSION = YES;
				CLANG_WARN_DIRECT_OBJC_ISA_USAGE = YES_ERROR;
				CLANG_WARN_DOCUMENTATION_COMMENTS = YES;
				CLANG_WARN_EMPTY_BODY = YES;
				CLANG_WARN_ENUM_CONVERSION = YES;
				CLANG_WARN_INFINITE_RECURSION = YES;
				CLANG_WARN_INT_CONVERSION = YES;
				CLANG_WARN_NON_LITERAL_NULL_CONVERSION = YES;
				CLANG_WARN_OBJC_LITERAL_CONVERSION = YES;
				CLANG_WARN_OBJC_ROOT_CLASS = YES_ERROR;
				CLANG_WARN_RANGE_LOOP_ANALYSIS = YES;
				CLANG_WARN_STRICT_PROTOTYPES = YES;
				CLANG_WARN_SUSPICIOUS_MOVE = YES;
				CLANG_WARN_UNGUARDED_AVAILABILITY = YES_AGGRESSIVE;
				CLANG_WARN_UNREACHABLE_CODE = YES;
				CLANG_WARN__DUPLICATE_METHOD_MATCH = YES;
				CODE_SIGN_IDENTITY = "iPhone Developer";
				COPY_PHASE_STRIP = NO;
				DEBUG_INFORMATION_FORMAT = dwarf;
				ENABLE_STRICT_OBJC_MSGSEND = YES;
				ENABLE_TESTABILITY = YES;
				GCC_C_LANGUAGE_STANDARD = gnu11;
				GCC_DYNAMIC_NO_PIC = NO;
				GCC_NO_COMMON_BLOCKS = YES;
				GCC_OPTIMIZATION_LEVEL = 0;
				GCC_PREPROCESSOR_DEFINITIONS = (
					"DEBUG=1",
					"$(inherited)",
				);
				GCC_WARN_64_TO_32_BIT_CONVERSION = YES;
				GCC_WARN_ABOUT_RETURN_TYPE = YES_ERROR;
				GCC_WARN_UNDECLARED_SELECTOR = YES;
				GCC_WARN_UNINITIALIZED_AUTOS = YES_AGGRESSIVE;
				GCC_WARN_UNUSED_FUNCTION = YES;
				GCC_WARN_UNUSED_VARIABLE = YES;
				IPHONEOS_DEPLOYMENT_TARGET = 11.0;
				MTL_ENABLE_DEBUG_INFO = YES;
				ONLY_ACTIVE_ARCH = YES;
				SDKROOT = iphoneos;
				SWIFT_ACTIVE_COMPILATION_CONDITIONS = DEBUG;
				SWIFT_OPTIMIZATION_LEVEL = "-Onone";
			};
			name = Debug;
		};
		5CC48FC61F8662DB0086D70E /* Release */ = {
			isa = XCBuildConfiguration;
			buildSettings = {
				ALWAYS_SEARCH_USER_PATHS = NO;
				CLANG_ANALYZER_NONNULL = YES;
				CLANG_ANALYZER_NUMBER_OBJECT_CONVERSION = YES_AGGRESSIVE;
				CLANG_CXX_LANGUAGE_STANDARD = "gnu++14";
				CLANG_CXX_LIBRARY = "libc++";
				CLANG_ENABLE_MODULES = YES;
				CLANG_ENABLE_OBJC_ARC = YES;
				CLANG_WARN_BLOCK_CAPTURE_AUTORELEASING = YES;
				CLANG_WARN_BOOL_CONVERSION = YES;
				CLANG_WARN_COMMA = YES;
				CLANG_WARN_CONSTANT_CONVERSION = YES;
				CLANG_WARN_DIRECT_OBJC_ISA_USAGE = YES_ERROR;
				CLANG_WARN_DOCUMENTATION_COMMENTS = YES;
				CLANG_WARN_EMPTY_BODY = YES;
				CLANG_WARN_ENUM_CONVERSION = YES;
				CLANG_WARN_INFINITE_RECURSION = YES;
				CLANG_WARN_INT_CONVERSION = YES;
				CLANG_WARN_NON_LITERAL_NULL_CONVERSION = YES;
				CLANG_WARN_OBJC_LITERAL_CONVERSION = YES;
				CLANG_WARN_OBJC_ROOT_CLASS = YES_ERROR;
				CLANG_WARN_RANGE_LOOP_ANALYSIS = YES;
				CLANG_WARN_STRICT_PROTOTYPES = YES;
				CLANG_WARN_SUSPICIOUS_MOVE = YES;
				CLANG_WARN_UNGUARDED_AVAILABILITY = YES_AGGRESSIVE;
				CLANG_WARN_UNREACHABLE_CODE = YES;
				CLANG_WARN__DUPLICATE_METHOD_MATCH = YES;
				CODE_SIGN_IDENTITY = "iPhone Developer";
				COPY_PHASE_STRIP = NO;
				DEBUG_INFORMATION_FORMAT = "dwarf-with-dsym";
				ENABLE_NS_ASSERTIONS = NO;
				ENABLE_STRICT_OBJC_MSGSEND = YES;
				GCC_C_LANGUAGE_STANDARD = gnu11;
				GCC_NO_COMMON_BLOCKS = YES;
				GCC_WARN_64_TO_32_BIT_CONVERSION = YES;
				GCC_WARN_ABOUT_RETURN_TYPE = YES_ERROR;
				GCC_WARN_UNDECLARED_SELECTOR = YES;
				GCC_WARN_UNINITIALIZED_AUTOS = YES_AGGRESSIVE;
				GCC_WARN_UNUSED_FUNCTION = YES;
				GCC_WARN_UNUSED_VARIABLE = YES;
				IPHONEOS_DEPLOYMENT_TARGET = 11.0;
				MTL_ENABLE_DEBUG_INFO = NO;
				SDKROOT = iphoneos;
				SWIFT_OPTIMIZATION_LEVEL = "-Owholemodule";
				VALIDATE_PRODUCT = YES;
			};
			name = Release;
		};
		5CC48FC81F8662DB0086D70E /* Debug */ = {
			isa = XCBuildConfiguration;
			baseConfigurationReference = D8EA723CB36FC7CB67675347 /* Pods-SmackApp.debug.xcconfig */;
			buildSettings = {
				ASSETCATALOG_COMPILER_APPICON_NAME = AppIcon;
				CLANG_ENABLE_MODULES = YES;
				CODE_SIGN_STYLE = Automatic;
				DEVELOPMENT_TEAM = 8Y37MY59MY;
				INFOPLIST_FILE = SmackApp/Info.plist;
				LD_RUNPATH_SEARCH_PATHS = "$(inherited) @executable_path/Frameworks";
				PRODUCT_BUNDLE_IDENTIFIER = BA.SmackApp;
				PRODUCT_NAME = "$(TARGET_NAME)";
				SWIFT_OBJC_BRIDGING_HEADER = "Supporting Files/SmackApp-Bridging-Header.h";
				SWIFT_OPTIMIZATION_LEVEL = "-Onone";
				SWIFT_VERSION = 4.0;
				TARGETED_DEVICE_FAMILY = "1,2";
			};
			name = Debug;
		};
		5CC48FC91F8662DB0086D70E /* Release */ = {
			isa = XCBuildConfiguration;
			baseConfigurationReference = 0C786AA22E62192AFCAF6F35 /* Pods-SmackApp.release.xcconfig */;
			buildSettings = {
				ASSETCATALOG_COMPILER_APPICON_NAME = AppIcon;
				CLANG_ENABLE_MODULES = YES;
				CODE_SIGN_STYLE = Automatic;
				DEVELOPMENT_TEAM = 8Y37MY59MY;
				INFOPLIST_FILE = SmackApp/Info.plist;
				LD_RUNPATH_SEARCH_PATHS = "$(inherited) @executable_path/Frameworks";
				PRODUCT_BUNDLE_IDENTIFIER = BA.SmackApp;
				PRODUCT_NAME = "$(TARGET_NAME)";
				SWIFT_OBJC_BRIDGING_HEADER = "Supporting Files/SmackApp-Bridging-Header.h";
				SWIFT_VERSION = 4.0;
				TARGETED_DEVICE_FAMILY = "1,2";
			};
			name = Release;
		};
/* End XCBuildConfiguration section */

/* Begin XCConfigurationList section */
		5CC48FAD1F8662DA0086D70E /* Build configuration list for PBXProject "SmackApp" */ = {
			isa = XCConfigurationList;
			buildConfigurations = (
				5CC48FC51F8662DB0086D70E /* Debug */,
				5CC48FC61F8662DB0086D70E /* Release */,
			);
			defaultConfigurationIsVisible = 0;
			defaultConfigurationName = Release;
		};
		5CC48FC71F8662DB0086D70E /* Build configuration list for PBXNativeTarget "SmackApp" */ = {
			isa = XCConfigurationList;
			buildConfigurations = (
				5CC48FC81F8662DB0086D70E /* Debug */,
				5CC48FC91F8662DB0086D70E /* Release */,
			);
			defaultConfigurationIsVisible = 0;
			defaultConfigurationName = Release;
		};
/* End XCConfigurationList section */

/* Begin XCVersionGroup section */
		5CC48FBC1F8662DB0086D70E /* SmackApp.xcdatamodeld */ = {
			isa = XCVersionGroup;
			children = (
				5CC48FBD1F8662DB0086D70E /* SmackApp.xcdatamodel */,
			);
			currentVersion = 5CC48FBD1F8662DB0086D70E /* SmackApp.xcdatamodel */;
			path = SmackApp.xcdatamodeld;
			sourceTree = "<group>";
			versionGroupType = wrapper.xcdatamodel;
		};
/* End XCVersionGroup section */
	};
	rootObject = 5CC48FAA1F8662DA0086D70E /* Project object */;
}
